
Microsoft Visual Studio Solution File, Format Version 12.00
# Visual Studio Version 17
VisualStudioVersion = 17.7.34302.85
MinimumVisualStudioVersion = 10.0.40219.1
Project("{FAE04EC0-301F-11D3-BF4B-00C04F79EFBC}") = "VSIXTestMethodExtention", "VSIXTestMethodExtention\VSIXTestMethodExtention.csproj", "{D90DA70D-C6E2-4027-A2A2-5EA2FC3FECEE}"
EndProject
Global
	GlobalSection(SolutionConfigurationPlatforms) = preSolution
		Debug|Any CPU = Debug|Any CPU
		Debug|arm64 = Debug|arm64
		Debug|x86 = Debug|x86
		Release|Any CPU = Release|Any CPU
		Release|arm64 = Release|arm64
		Release|x86 = Release|x86
	EndGlobalSection
	GlobalSection(ProjectConfigurationPlatforms) = postSolution
		{D90DA70D-C6E2-4027-A2A2-5EA2FC3FECEE}.Debug|Any CPU.ActiveCfg = Debug|Any CPU
		{D90DA70D-C6E2-4027-A2A2-5EA2FC3FECEE}.Debug|Any CPU.Build.0 = Debug|Any CPU
		{D90DA70D-C6E2-4027-A2A2-5EA2FC3FECEE}.Debug|arm64.ActiveCfg = Debug|arm64
		{D90DA70D-C6E2-4027-A2A2-5EA2FC3FECEE}.Debug|arm64.Build.0 = Debug|arm64
		{D90DA70D-C6E2-4027-A2A2-5EA2FC3FECEE}.Debug|x86.ActiveCfg = Debug|x86
		{D90DA70D-C6E2-4027-A2A2-5EA2FC3FECEE}.Debug|x86.Build.0 = Debug|x86
		{D90DA70D-C6E2-4027-A2A2-5EA2FC3FECEE}.Release|Any CPU.ActiveCfg = Release|Any CPU
		{D90DA70D-C6E2-4027-A2A2-5EA2FC3FECEE}.Release|Any CPU.Build.0 = Release|Any CPU
		{D90DA70D-C6E2-4027-A2A2-5EA2FC3FECEE}.Release|arm64.ActiveCfg = Release|arm64
		{D90DA70D-C6E2-4027-A2A2-5EA2FC3FECEE}.Release|arm64.Build.0 = Release|arm64
		{D90DA70D-C6E2-4027-A2A2-5EA2FC3FECEE}.Release|x86.ActiveCfg = Release|x86
		{D90DA70D-C6E2-4027-A2A2-5EA2FC3FECEE}.Release|x86.Build.0 = Release|x86
	EndGlobalSection
	GlobalSection(SolutionProperties) = preSolution
		HideSolutionNode = FALSE
	EndGlobalSection
	GlobalSection(ExtensibilityGlobals) = postSolution
		SolutionGuid = {51D4CB28-1648-4C8E-A422-A94A3E097DA6}
	EndGlobalSection
EndGlobal
